{
  "name": "Myosotis-JavaScript",
  "lockfileVersion": 3,
  "requires": true,
  "packages": {
    "": {
      "dependencies": {
        "maxmind": "^4.3.11"
      }
    },
    "node_modules/maxmind": {
      "version": "4.3.11",
      "resolved": "https://registry.npmjs.org/maxmind/-/maxmind-4.3.11.tgz",
      "integrity": "sha512-tJDrKbUzN6PSA88tWgg0L2R4Ln00XwecYQJPFI+RvlF2k1sx6VQYtuQ1SVxm8+bw5tF7GWV4xyb+3/KyzEpPUw==",
      "dependencies": {
        "mmdb-lib": "2.0.2",
        "tiny-lru": "11.0.1"
      },
      "engines": {
        "node": ">=12",
        "npm": ">=6"
      }
    },
    "node_modules/mmdb-lib": {
      "version": "2.0.2",
      "resolved": "https://registry.npmjs.org/mmdb-lib/-/mmdb-lib-2.0.2.tgz",
      "integrity": "sha512-shi1I+fCPQonhTi7qyb6hr7hi87R7YS69FlfJiMFuJ12+grx0JyL56gLNzGTYXPU7EhAPkMLliGeyHer0K+AVA==",
      "engines": {
        "node": ">=10",
        "npm": ">=6"
      }
    },
    "node_modules/tiny-lru": {
      "version": "11.0.1",
      "resolved": "https://registry.npmjs.org/tiny-lru/-/tiny-lru-11.0.1.tgz",
      "integrity": "sha512-iNgFugVuQgBKrqeO/mpiTTgmBsTP0WL6yeuLfLs/Ctf0pI/ixGqIRm8sDCwMcXGe9WWvt2sGXI5mNqZbValmJg==",
      "engines": {
        "node": ">=12"
      }
    }
  }
}
